
Microsoft Visual Studio Solution File, Format Version 12.00
# Visual Studio Version 16
VisualStudioVersion = 16.0.30413.136
MinimumVisualStudioVersion = 10.0.40219.1
Project("{FAE04EC0-301F-11D3-BF4B-00C04F79EFBC}") = "BookAndShelve", "BookAndShelve.csproj", "{028021A8-A80C-4110-9FE7-B5990CCE902D}"
EndProject
Global
	GlobalSection(SolutionConfigurationPlatforms) = preSolution
		Debug|Any CPU = Debug|Any CPU
		Release|Any CPU = Release|Any CPU
	EndGlobalSection
	GlobalSection(ProjectConfigurationPlatforms) = postSolution
		{028021A8-A80C-4110-9FE7-B5990CCE902D}.Debug|Any CPU.ActiveCfg = Debug|Any CPU
		{028021A8-A80C-4110-9FE7-B5990CCE902D}.Debug|Any CPU.Build.0 = Debug|Any CPU
		{028021A8-A80C-4110-9FE7-B5990CCE902D}.Release|Any CPU.ActiveCfg = Release|Any CPU
		{028021A8-A80C-4110-9FE7-B5990CCE902D}.Release|Any CPU.Build.0 = Release|Any CPU
	EndGlobalSection
	GlobalSection(SolutionProperties) = preSolution
		HideSolutionNode = FALSE
	EndGlobalSection
	GlobalSection(ExtensibilityGlobals) = postSolution
		SolutionGuid = {B5B95976-F785-40F1-8006-EC64F813856E}
	EndGlobalSection
EndGlobal
