
Microsoft Visual Studio Solution File, Format Version 12.00
# Visual Studio Version 17
VisualStudioVersion = 17.4.33403.182
MinimumVisualStudioVersion = 10.0.40219.1
Project("{9A19103F-16F7-4668-BE54-9A1E7A4F7556}") = "Mappers", "Mappers.csproj", "{C9F8B3EF-ED70-4432-954F-9A9C34147561}"
EndProject
Project("{FAE04EC0-301F-11D3-BF4B-00C04F79EFBC}") = "Mapppppster", "..\Mapppppster\Mapppppster.csproj", "{1F425D27-9656-4983-A0DC-1225A313083A}"
EndProject
Global
	GlobalSection(SolutionConfigurationPlatforms) = preSolution
		Debug|Any CPU = Debug|Any CPU
		Release|Any CPU = Release|Any CPU
	EndGlobalSection
	GlobalSection(ProjectConfigurationPlatforms) = postSolution
		{C9F8B3EF-ED70-4432-954F-9A9C34147561}.Debug|Any CPU.ActiveCfg = Debug|Any CPU
		{C9F8B3EF-ED70-4432-954F-9A9C34147561}.Debug|Any CPU.Build.0 = Debug|Any CPU
		{C9F8B3EF-ED70-4432-954F-9A9C34147561}.Release|Any CPU.ActiveCfg = Release|Any CPU
		{C9F8B3EF-ED70-4432-954F-9A9C34147561}.Release|Any CPU.Build.0 = Release|Any CPU
		{1F425D27-9656-4983-A0DC-1225A313083A}.Debug|Any CPU.ActiveCfg = Debug|Any CPU
		{1F425D27-9656-4983-A0DC-1225A313083A}.Debug|Any CPU.Build.0 = Debug|Any CPU
		{1F425D27-9656-4983-A0DC-1225A313083A}.Release|Any CPU.ActiveCfg = Release|Any CPU
		{1F425D27-9656-4983-A0DC-1225A313083A}.Release|Any CPU.Build.0 = Release|Any CPU
	EndGlobalSection
	GlobalSection(SolutionProperties) = preSolution
		HideSolutionNode = FALSE
	EndGlobalSection
	GlobalSection(ExtensibilityGlobals) = postSolution
		SolutionGuid = {361F9F6E-718C-475F-8D7C-5D43DF375509}
	EndGlobalSection
EndGlobal
